
Microsoft Visual Studio Solution File, Format Version 12.00
# Visual Studio Version 17
VisualStudioVersion = 17.4.33110.190
MinimumVisualStudioVersion = 10.0.40219.1
Project("{FAE04EC0-301F-11D3-BF4B-00C04F79EFBC}") = "HideAndSeek", "HideAndSeek.csproj", "{10EE6133-7736-449A-885E-EEED91212F7D}"
EndProject
Project("{FAE04EC0-301F-11D3-BF4B-00C04F79EFBC}") = "HideAndSeekTests", "..\HideAndSeekTests\HideAndSeekTests.csproj", "{EAACA18D-FD0E-4881-BD33-BFE3F89DF86C}"
EndProject
Global
	GlobalSection(SolutionConfigurationPlatforms) = preSolution
		Debug|Any CPU = Debug|Any CPU
		Release|Any CPU = Release|Any CPU
	EndGlobalSection
	GlobalSection(ProjectConfigurationPlatforms) = postSolution
		{10EE6133-7736-449A-885E-EEED91212F7D}.Debug|Any CPU.ActiveCfg = Debug|Any CPU
		{10EE6133-7736-449A-885E-EEED91212F7D}.Debug|Any CPU.Build.0 = Debug|Any CPU
		{10EE6133-7736-449A-885E-EEED91212F7D}.Release|Any CPU.ActiveCfg = Release|Any CPU
		{10EE6133-7736-449A-885E-EEED91212F7D}.Release|Any CPU.Build.0 = Release|Any CPU
		{EAACA18D-FD0E-4881-BD33-BFE3F89DF86C}.Debug|Any CPU.ActiveCfg = Debug|Any CPU
		{EAACA18D-FD0E-4881-BD33-BFE3F89DF86C}.Debug|Any CPU.Build.0 = Debug|Any CPU
		{EAACA18D-FD0E-4881-BD33-BFE3F89DF86C}.Release|Any CPU.ActiveCfg = Release|Any CPU
		{EAACA18D-FD0E-4881-BD33-BFE3F89DF86C}.Release|Any CPU.Build.0 = Release|Any CPU
	EndGlobalSection
	GlobalSection(SolutionProperties) = preSolution
		HideSolutionNode = FALSE
	EndGlobalSection
	GlobalSection(ExtensibilityGlobals) = postSolution
		SolutionGuid = {63D80BA2-9113-4B4B-B825-07D8E45ADB12}
	EndGlobalSection
EndGlobal
